{
  "name": "@superdispatch/hooks",
  "version": "0.30.0",
  "lockfileVersion": 3,
  "requires": true,
  "packages": {
    "": {
      "name": "@superdispatch/hooks",
      "version": "0.29.0",
      "license": "MIT",
      "dependencies": {
        "dequal": "^2.0.2"
      }
    },
    "node_modules/dequal": {
      "version": "2.0.3",
      "resolved": "https://registry.npmjs.org/dequal/-/dequal-2.0.3.tgz",
      "integrity": "sha512-0je+qPKHEMohvfRTCEo3CrPG6cAzAYgmzKyxRiYSSDkS6eGJdyVJm7WaYA5ECaAD9wLB2T4EEeymA5aFVcYXCA==",
      "engines": {
        "node": ">=6"
      }
    }
  }
}
